// !$*UTF8*$!
{
	archiveVersion = 1;
	classes = {
	};
	objectVersion = 77;
	objects = {

/* Begin PBXBuildFile section */
		02BEB1FC0CB43D222CCE48DB /* StatusBar.swift in Sources */ = {isa = PBXBuildFile; fileRef = 199BAC5919441EDC3576E476 /* StatusBar.swift */; };
		B7A1C0DE0004UPDRELEASE004 /* UpdaterSessionRelease.swift in Sources */ = {isa = PBXBuildFile; fileRef = B7A1C0DE0003UPDRELEASE003 /* UpdaterSessionRelease.swift */; };
		B7A1C0DE0002BRANDICON0002 /* BrandIcon.swift in Sources */ = {isa = PBXBuildFile; fileRef = B7A1C0DE0001BRANDICON0001 /* BrandIcon.swift */; };
		04185895FCF3CDC65EB9D064 /* SOCKS5UDPRelay.swift in Sources */ = {isa = PBXBuildFile; fileRef = A51CC29A0FAEF740DA3E9414 /* SOCKS5UDPRelay.swift */; };
		04E37C3909CD365DDE5C07E7 /* TCPFlowPump.swift in Sources */ = {isa = PBXBuildFile; fileRef = 98E5B5D192F55B2E76BC681B /* TCPFlowPump.swift */; };
		13292EF7F746994DDBF9B5FE /* TrafficFormat.swift in Sources */ = {isa = PBXBuildFile; fileRef = 6DCF5FB636E2A7088A1D6CDF /* TrafficFormat.swift */; };
		1C633C2681666F15F4C8B805 /* TransparentProxyController.swift in Sources */ = {isa = PBXBuildFile; fileRef = 299CCCC8304EDC13E69F6A38 /* TransparentProxyController.swift */; };
		22A3DA6409A39E3419084F11 /* main.swift in Sources */ = {isa = PBXBuildFile; fileRef = 8FEAB61BFC897307C4C2B00D /* main.swift */; };
		24C1DBFF4621B52825A1FCCA /* EngineKit in Frameworks */ = {isa = PBXBuildFile; productRef = 9A771AE19C7B394D1000B789 /* EngineKit */; };
		2B4575AB87D6B0C6AA17B41F /* OnboardingView.swift in Sources */ = {isa = PBXBuildFile; fileRef = 5DA34ADCCFFBEA044937D573 /* OnboardingView.swift */; };
		401C973E6AB7C68211194E7D /* ProxyExtensionProviderRouting.swift in Sources */ = {isa = PBXBuildFile; fileRef = A2AD25102F3D99F433F9C446 /* ProxyExtensionProviderRouting.swift */; };
		439F0E52A0F140E10314798A /* RulesEditorPaneView.swift in Sources */ = {isa = PBXBuildFile; fileRef = F3502285178386167CBDC5B8 /* RulesEditorPaneView.swift */; };
		4C1EE24514C43608CEF0B1C8 /* ProxyEnvironmentView.swift in Sources */ = {isa = PBXBuildFile; fileRef = 809242278F25BD53EB570961 /* ProxyEnvironmentView.swift */; };
		53994341147E0E7B6A3F55AE /* TrafficPane.swift in Sources */ = {isa = PBXBuildFile; fileRef = 06FF2EED709EE367FEA4A9A7 /* TrafficPane.swift */; };
		552D5797BCE134EF6D6EE560 /* MainWindow.swift in Sources */ = {isa = PBXBuildFile; fileRef = 82D18B41BB8F2680C6E5F6B9 /* MainWindow.swift */; };
		586E6945675466F5FAEDBCE6 /* ProcessPathResolver.swift in Sources */ = {isa = PBXBuildFile; fileRef = C9D71AD68E0D673791D64826 /* ProcessPathResolver.swift */; };
		5DD53B8CA098AAE20D297B7F /* ContentView.swift in Sources */ = {isa = PBXBuildFile; fileRef = 7106009A56C24078709224DC /* ContentView.swift */; };
		62F04AAF57F01ECD1256C923 /* ProxyExtension.systemextension in Embed System Extensions */ = {isa = PBXBuildFile; fileRef = 88C15509479EC265EC4FD6F2 /* ProxyExtension.systemextension */; settings = {ATTRIBUTES = (RemoveHeadersOnCopy, ); }; };
		6E46EA6DED240707302344D8 /* ProxyDialer.swift in Sources */ = {isa = PBXBuildFile; fileRef = 4A5B68425966099A3134F76F /* ProxyDialer.swift */; };
		6E548D025B438A87B3650958 /* ProxyFlowSupport.swift in Sources */ = {isa = PBXBuildFile; fileRef = 5760DDA63F6D5AB07BEF302C /* ProxyFlowSupport.swift */; };
		70A50B81E49589C783D3FD3A /* ConnectionsTable.swift in Sources */ = {isa = PBXBuildFile; fileRef = 9F7A7B0EB0032EB32E342AC4 /* ConnectionsTable.swift */; };
		711D141A26AF974CB274C155 /* AppFeature in Frameworks */ = {isa = PBXBuildFile; productRef = 9CA290E7910714860681AC10 /* AppFeature */; };
		91C491BFD9E3DCBF3A3A4743 /* NWConnectionProxyProbe.swift in Sources */ = {isa = PBXBuildFile; fileRef = 1DA718340F1304A9F6ECF582 /* NWConnectionProxyProbe.swift */; };
		EE11705E0000000000000B01 /* ExitIPChecker.swift in Sources */ = {isa = PBXBuildFile; fileRef = EE11705E0000000000000B02 /* ExitIPChecker.swift */; };
		96FF8A395FD13D05AD826E54 /* ProfilesModel.swift in Sources */ = {isa = PBXBuildFile; fileRef = EEBD232B5EDEBEEDC598FA44 /* ProfilesModel.swift */; };
		98D1829068AA9598B8F08A3B /* SystemExtensionActivator.swift in Sources */ = {isa = PBXBuildFile; fileRef = AF69302A0C9EBB787D6C4B95 /* SystemExtensionActivator.swift */; };
		9BC7BA6ED15CB67313DA620F /* ProxyExtensionProvider.swift in Sources */ = {isa = PBXBuildFile; fileRef = A939873201BCD22128098DF5 /* ProxyExtensionProvider.swift */; };
		9D9A505955A978B0E3041B3E /* ProxyExtensionProviderUDP.swift in Sources */ = {isa = PBXBuildFile; fileRef = BD55E37B6D821CA63EB00B0A /* ProxyExtensionProviderUDP.swift */; };
		AB6CB382A5B383A530062CCA /* PacketCaptureWriter.swift in Sources */ = {isa = PBXBuildFile; fileRef = C5A9AAC7350E301EB78C0187 /* PacketCaptureWriter.swift */; };
		AD71F038E2B6324B5D280B7C /* SettingsView.swift in Sources */ = {isa = PBXBuildFile; fileRef = 956D1B4004113B63335A7518 /* SettingsView.swift */; };
		4CDD1FD51CB44EE399109360 /* AppLinks.swift in Sources */ = {isa = PBXBuildFile; fileRef = B81FD5891C3620C189CEE7A2 /* AppLinks.swift */; };
		CFD3BB496CC7BFF4E741DFB4 /* AboutView.swift in Sources */ = {isa = PBXBuildFile; fileRef = 337584E7E7EFC8B5AB284C4E /* AboutView.swift */; };
		24300D291E090B82EBC80C26 /* AppMenuCommands.swift in Sources */ = {isa = PBXBuildFile; fileRef = AD605E784762BD3CF20333B3 /* AppMenuCommands.swift */; };
		AC1B1455817830C25FEF50E8 /* TrialUI.swift in Sources */ = {isa = PBXBuildFile; fileRef = A150F43974A4AB0EEF91D4D1 /* TrialUI.swift */; };
		B419714D1E5E144ED39353BB /* AppidgeApp.swift in Sources */ = {isa = PBXBuildFile; fileRef = 7AADB654447DCB49FB372FAE /* AppidgeApp.swift */; };
		BF3C3EA1865EA2811E2CC3B8 /* ProxyServersPaneView.swift in Sources */ = {isa = PBXBuildFile; fileRef = 5F32B133633BBB992A13D17D /* ProxyServersPaneView.swift */; };
		C4AE8EAE06FB99890379876B /* ExtDiag.swift in Sources */ = {isa = PBXBuildFile; fileRef = 6FE1FDE2601F854C4AB0FCB4 /* ExtDiag.swift */; };
		CD074F91F9D8E81EF3AF1E9B /* Assets.xcassets in Resources */ = {isa = PBXBuildFile; fileRef = 011FA75EB4918608F8A42804 /* Assets.xcassets */; };
		CEB6289185EA4E3CA070E696 /* AppsPaneView.swift in Sources */ = {isa = PBXBuildFile; fileRef = C8EEB3B3B4F5AE8205F1F7B3 /* AppsPaneView.swift */; };
		D81B1C44E7FA0F18207CF8AD /* Core in Frameworks */ = {isa = PBXBuildFile; productRef = 070C87CD751D657AB4653E16 /* Core */; };
		D8E7DC6893CB84274AEBAC74 /* AppIcon.swift in Sources */ = {isa = PBXBuildFile; fileRef = BEF8C43AA00DC8615A6EF807 /* AppIcon.swift */; };
		DD8DC7DAAE36979D8FE408D9 /* Localizable.xcstrings in Resources */ = {isa = PBXBuildFile; fileRef = 5901951F9EA7DCC493280D91 /* Localizable.xcstrings */; };
		E0A05D3AE2BA60A8E9479E24 /* IPCContract in Frameworks */ = {isa = PBXBuildFile; productRef = A02F4122DB86F776E2D950D8 /* IPCContract */; };
		FCBF4A432ECB3B5E94F88C26 /* ProfilesPaneView.swift in Sources */ = {isa = PBXBuildFile; fileRef = 9C2DCBF93F75AB530471B830 /* ProfilesPaneView.swift */; };
		FE13440EB704BFFA918319FB /* IPCContract in Frameworks */ = {isa = PBXBuildFile; productRef = 096EEA660E596D625A61C6A2 /* IPCContract */; };
		5AAB0E0000000000000000A3 /* Sparkle in Frameworks */ = {isa = PBXBuildFile; productRef = 5AAB0E0000000000000000A2 /* Sparkle */; };
		FEDF5CEF2BE2AADFB674A072 /* AppLanguage.swift in Sources */ = {isa = PBXBuildFile; fileRef = C157C1CDDFF721EAB2D28795 /* AppLanguage.swift */; };
/* End PBXBuildFile section */

/* Begin PBXContainerItemProxy section */
		2234E2D2E8964632318B0D12 /* PBXContainerItemProxy */ = {
			isa = PBXContainerItemProxy;
			containerPortal = 14A99E551A096A0E3591E52F /* Project object */;
			proxyType = 1;
			remoteGlobalIDString = 5054EC3D5B3313146D298672;
			remoteInfo = ProxyExtension;
		};
/* End PBXContainerItemProxy section */

/* Begin PBXCopyFilesBuildPhase section */
		1F2DDD8AE93EF9D8D0EA53C1 /* Embed System Extensions */ = {
			isa = PBXCopyFilesBuildPhase;
			buildActionMask = 2147483647;
			dstPath = "$(SYSTEM_EXTENSIONS_FOLDER_PATH)";
			dstSubfolderSpec = 16;
			files = (
				62F04AAF57F01ECD1256C923 /* ProxyExtension.systemextension in Embed System Extensions */,
			);
			name = "Embed System Extensions";
			runOnlyForDeploymentPostprocessing = 0;
		};
/* End PBXCopyFilesBuildPhase section */

/* Begin PBXFileReference section */
		011FA75EB4918608F8A42804 /* Assets.xcassets */ = {isa = PBXFileReference; lastKnownFileType = folder.assetcatalog; path = Assets.xcassets; sourceTree = "<group>"; };
		013DDA0D0CAD661B46265150 /* Extension.entitlements */ = {isa = PBXFileReference; lastKnownFileType = text.plist.entitlements; path = Extension.entitlements; sourceTree = "<group>"; };
		06FF2EED709EE367FEA4A9A7 /* TrafficPane.swift */ = {isa = PBXFileReference; lastKnownFileType = sourcecode.swift; path = TrafficPane.swift; sourceTree = "<group>"; };
		163B07BB0DEAE3E528ECBC13 /* Info.plist */ = {isa = PBXFileReference; lastKnownFileType = text.plist; path = Info.plist; sourceTree = "<group>"; };
		199BAC5919441EDC3576E476 /* StatusBar.swift */ = {isa = PBXFileReference; lastKnownFileType = sourcecode.swift; path = StatusBar.swift; sourceTree = "<group>"; };
		B7A1C0DE0003UPDRELEASE003 /* UpdaterSessionRelease.swift */ = {isa = PBXFileReference; lastKnownFileType = sourcecode.swift; path = UpdaterSessionRelease.swift; sourceTree = "<group>"; };
		B7A1C0DE0001BRANDICON0001 /* BrandIcon.swift */ = {isa = PBXFileReference; lastKnownFileType = sourcecode.swift; path = BrandIcon.swift; sourceTree = "<group>"; };
		1DA718340F1304A9F6ECF582 /* NWConnectionProxyProbe.swift */ = {isa = PBXFileReference; lastKnownFileType = sourcecode.swift; path = NWConnectionProxyProbe.swift; sourceTree = "<group>"; };
		EE11705E0000000000000B02 /* ExitIPChecker.swift */ = {isa = PBXFileReference; lastKnownFileType = sourcecode.swift; path = ExitIPChecker.swift; sourceTree = "<group>"; };
		299CCCC8304EDC13E69F6A38 /* TransparentProxyController.swift */ = {isa = PBXFileReference; lastKnownFileType = sourcecode.swift; path = TransparentProxyController.swift; sourceTree = "<group>"; };
		30697183A781221EDE913CB6 /* EngineKit */ = {isa = PBXFileReference; lastKnownFileType = folder; name = EngineKit; path = Packages/EngineKit; sourceTree = SOURCE_ROOT; };
		321F6F00E5ACB2B23E7602E0 /* AppFeature */ = {isa = PBXFileReference; lastKnownFileType = folder; name = AppFeature; path = Packages/AppFeature; sourceTree = SOURCE_ROOT; };
		3DF70C29327CD2B5EA92DC75 /* App.entitlements */ = {isa = PBXFileReference; lastKnownFileType = text.plist.entitlements; path = App.entitlements; sourceTree = "<group>"; };
		4A5B68425966099A3134F76F /* ProxyDialer.swift */ = {isa = PBXFileReference; lastKnownFileType = sourcecode.swift; path = ProxyDialer.swift; sourceTree = "<group>"; };
		5760DDA63F6D5AB07BEF302C /* ProxyFlowSupport.swift */ = {isa = PBXFileReference; lastKnownFileType = sourcecode.swift; path = ProxyFlowSupport.swift; sourceTree = "<group>"; };
		5901951F9EA7DCC493280D91 /* Localizable.xcstrings */ = {isa = PBXFileReference; lastKnownFileType = text.json.xcstrings; path = Localizable.xcstrings; sourceTree = "<group>"; };
		5DA34ADCCFFBEA044937D573 /* OnboardingView.swift */ = {isa = PBXFileReference; lastKnownFileType = sourcecode.swift; path = OnboardingView.swift; sourceTree = "<group>"; };
		5F32B133633BBB992A13D17D /* ProxyServersPaneView.swift */ = {isa = PBXFileReference; lastKnownFileType = sourcecode.swift; path = ProxyServersPaneView.swift; sourceTree = "<group>"; };
		6C1DBE5B022F70217A175D0D /* Core */ = {isa = PBXFileReference; lastKnownFileType = folder; name = Core; path = Packages/Core; sourceTree = SOURCE_ROOT; };
		6DCF5FB636E2A7088A1D6CDF /* TrafficFormat.swift */ = {isa = PBXFileReference; lastKnownFileType = sourcecode.swift; path = TrafficFormat.swift; sourceTree = "<group>"; };
		6FE1FDE2601F854C4AB0FCB4 /* ExtDiag.swift */ = {isa = PBXFileReference; lastKnownFileType = sourcecode.swift; path = ExtDiag.swift; sourceTree = "<group>"; };
		7106009A56C24078709224DC /* ContentView.swift */ = {isa = PBXFileReference; lastKnownFileType = sourcecode.swift; path = ContentView.swift; sourceTree = "<group>"; };
		7AADB654447DCB49FB372FAE /* AppidgeApp.swift */ = {isa = PBXFileReference; lastKnownFileType = sourcecode.swift; path = AppidgeApp.swift; sourceTree = "<group>"; };
		809242278F25BD53EB570961 /* ProxyEnvironmentView.swift */ = {isa = PBXFileReference; lastKnownFileType = sourcecode.swift; path = ProxyEnvironmentView.swift; sourceTree = "<group>"; };
		82D18B41BB8F2680C6E5F6B9 /* MainWindow.swift */ = {isa = PBXFileReference; lastKnownFileType = sourcecode.swift; path = MainWindow.swift; sourceTree = "<group>"; };
		88C15509479EC265EC4FD6F2 /* ProxyExtension.systemextension */ = {isa = PBXFileReference; explicitFileType = "wrapper.system-extension"; includeInIndex = 0; path = ProxyExtension.systemextension; sourceTree = BUILT_PRODUCTS_DIR; };
		8CAB3B3934E69313D52D6EE2 /* Signing.xcconfig */ = {isa = PBXFileReference; lastKnownFileType = text.xcconfig; path = Signing.xcconfig; sourceTree = "<group>"; };
		8FEAB61BFC897307C4C2B00D /* main.swift */ = {isa = PBXFileReference; lastKnownFileType = sourcecode.swift; path = main.swift; sourceTree = "<group>"; };
		956D1B4004113B63335A7518 /* SettingsView.swift */ = {isa = PBXFileReference; lastKnownFileType = sourcecode.swift; path = SettingsView.swift; sourceTree = "<group>"; };
		B81FD5891C3620C189CEE7A2 /* AppLinks.swift */ = {isa = PBXFileReference; lastKnownFileType = sourcecode.swift; path = AppLinks.swift; sourceTree = "<group>"; };
		337584E7E7EFC8B5AB284C4E /* AboutView.swift */ = {isa = PBXFileReference; lastKnownFileType = sourcecode.swift; path = AboutView.swift; sourceTree = "<group>"; };
		AD605E784762BD3CF20333B3 /* AppMenuCommands.swift */ = {isa = PBXFileReference; lastKnownFileType = sourcecode.swift; path = AppMenuCommands.swift; sourceTree = "<group>"; };
		A150F43974A4AB0EEF91D4D1 /* TrialUI.swift */ = {isa = PBXFileReference; lastKnownFileType = sourcecode.swift; path = TrialUI.swift; sourceTree = "<group>"; };
		98E5B5D192F55B2E76BC681B /* TCPFlowPump.swift */ = {isa = PBXFileReference; lastKnownFileType = sourcecode.swift; path = TCPFlowPump.swift; sourceTree = "<group>"; };
		9C2DCBF93F75AB530471B830 /* ProfilesPaneView.swift */ = {isa = PBXFileReference; lastKnownFileType = sourcecode.swift; path = ProfilesPaneView.swift; sourceTree = "<group>"; };
		9F7A7B0EB0032EB32E342AC4 /* ConnectionsTable.swift */ = {isa = PBXFileReference; lastKnownFileType = sourcecode.swift; path = ConnectionsTable.swift; sourceTree = "<group>"; };
		A2AD25102F3D99F433F9C446 /* ProxyExtensionProviderRouting.swift */ = {isa = PBXFileReference; lastKnownFileType = sourcecode.swift; path = ProxyExtensionProviderRouting.swift; sourceTree = "<group>"; };
		A3B0E63976E8ACBBACCC8C7B /* Info.plist */ = {isa = PBXFileReference; lastKnownFileType = text.plist; path = Info.plist; sourceTree = "<group>"; };
		A51CC29A0FAEF740DA3E9414 /* SOCKS5UDPRelay.swift */ = {isa = PBXFileReference; lastKnownFileType = sourcecode.swift; path = SOCKS5UDPRelay.swift; sourceTree = "<group>"; };
		A939873201BCD22128098DF5 /* ProxyExtensionProvider.swift */ = {isa = PBXFileReference; lastKnownFileType = sourcecode.swift; path = ProxyExtensionProvider.swift; sourceTree = "<group>"; };
		AD0EC770164D4561F3BFC0BD /* IPCContract */ = {isa = PBXFileReference; lastKnownFileType = folder; name = IPCContract; path = Packages/IPCContract; sourceTree = SOURCE_ROOT; };
		AF69302A0C9EBB787D6C4B95 /* SystemExtensionActivator.swift */ = {isa = PBXFileReference; lastKnownFileType = sourcecode.swift; path = SystemExtensionActivator.swift; sourceTree = "<group>"; };
		B3C329A4A885B31BFA3C7A26 /* App.app */ = {isa = PBXFileReference; explicitFileType = wrapper.application; includeInIndex = 0; path = App.app; sourceTree = BUILT_PRODUCTS_DIR; };
		BD55E37B6D821CA63EB00B0A /* ProxyExtensionProviderUDP.swift */ = {isa = PBXFileReference; lastKnownFileType = sourcecode.swift; path = ProxyExtensionProviderUDP.swift; sourceTree = "<group>"; };
		BEF8C43AA00DC8615A6EF807 /* AppIcon.swift */ = {isa = PBXFileReference; lastKnownFileType = sourcecode.swift; path = AppIcon.swift; sourceTree = "<group>"; };
		C157C1CDDFF721EAB2D28795 /* AppLanguage.swift */ = {isa = PBXFileReference; lastKnownFileType = sourcecode.swift; path = AppLanguage.swift; sourceTree = "<group>"; };
		C5A9AAC7350E301EB78C0187 /* PacketCaptureWriter.swift */ = {isa = PBXFileReference; lastKnownFileType = sourcecode.swift; path = PacketCaptureWriter.swift; sourceTree = "<group>"; };
		C8EEB3B3B4F5AE8205F1F7B3 /* AppsPaneView.swift */ = {isa = PBXFileReference; lastKnownFileType = sourcecode.swift; path = AppsPaneView.swift; sourceTree = "<group>"; };
		C9D71AD68E0D673791D64826 /* ProcessPathResolver.swift */ = {isa = PBXFileReference; lastKnownFileType = sourcecode.swift; path = ProcessPathResolver.swift; sourceTree = "<group>"; };
		EEBD232B5EDEBEEDC598FA44 /* ProfilesModel.swift */ = {isa = PBXFileReference; lastKnownFileType = sourcecode.swift; path = ProfilesModel.swift; sourceTree = "<group>"; };
		F3502285178386167CBDC5B8 /* RulesEditorPaneView.swift */ = {isa = PBXFileReference; lastKnownFileType = sourcecode.swift; path = RulesEditorPaneView.swift; sourceTree = "<group>"; };
/* End PBXFileReference section */

/* Begin PBXFrameworksBuildPhase section */
		3F99A328D84996890BFBC86E /* Frameworks */ = {
			isa = PBXFrameworksBuildPhase;
			buildActionMask = 2147483647;
			files = (
				D81B1C44E7FA0F18207CF8AD /* Core in Frameworks */,
				E0A05D3AE2BA60A8E9479E24 /* IPCContract in Frameworks */,
				711D141A26AF974CB274C155 /* AppFeature in Frameworks */,
				5AAB0E0000000000000000A3 /* Sparkle in Frameworks */,
			);
			runOnlyForDeploymentPostprocessing = 0;
		};
		7319DBD05E0BD40A478D9D59 /* Frameworks */ = {
			isa = PBXFrameworksBuildPhase;
			buildActionMask = 2147483647;
			files = (
				24C1DBFF4621B52825A1FCCA /* EngineKit in Frameworks */,
				FE13440EB704BFFA918319FB /* IPCContract in Frameworks */,
			);
			runOnlyForDeploymentPostprocessing = 0;
		};
/* End PBXFrameworksBuildPhase section */

/* Begin PBXGroup section */
		6B7272D9D92AAB9BBD96E3FA /* Packages */ = {
			isa = PBXGroup;
			children = (
				321F6F00E5ACB2B23E7602E0 /* AppFeature */,
				6C1DBE5B022F70217A175D0D /* Core */,
				30697183A781221EDE913CB6 /* EngineKit */,
				AD0EC770164D4561F3BFC0BD /* IPCContract */,
			);
			path = Packages;
			sourceTree = "<group>";
		};
		9003EEF583464980A16CA112 = {
			isa = PBXGroup;
			children = (
				A0A031B655359660909C71BA /* App */,
				FEDDB32A90EF54DF5CB62592 /* Config */,
				9F555B917CC095726A4EC854 /* Extension */,
				6B7272D9D92AAB9BBD96E3FA /* Packages */,
				F8645EB759E825299CBFDA49 /* Products */,
			);
			sourceTree = "<group>";
		};
		9F555B917CC095726A4EC854 /* Extension */ = {
			isa = PBXGroup;
			children = (
				6FE1FDE2601F854C4AB0FCB4 /* ExtDiag.swift */,
				013DDA0D0CAD661B46265150 /* Extension.entitlements */,
				163B07BB0DEAE3E528ECBC13 /* Info.plist */,
				8FEAB61BFC897307C4C2B00D /* main.swift */,
				C5A9AAC7350E301EB78C0187 /* PacketCaptureWriter.swift */,
				C9D71AD68E0D673791D64826 /* ProcessPathResolver.swift */,
				4A5B68425966099A3134F76F /* ProxyDialer.swift */,
				A939873201BCD22128098DF5 /* ProxyExtensionProvider.swift */,
				A2AD25102F3D99F433F9C446 /* ProxyExtensionProviderRouting.swift */,
				BD55E37B6D821CA63EB00B0A /* ProxyExtensionProviderUDP.swift */,
				5760DDA63F6D5AB07BEF302C /* ProxyFlowSupport.swift */,
				A51CC29A0FAEF740DA3E9414 /* SOCKS5UDPRelay.swift */,
				98E5B5D192F55B2E76BC681B /* TCPFlowPump.swift */,
			);
			path = Extension;
			sourceTree = "<group>";
		};
		A0A031B655359660909C71BA /* App */ = {
			isa = PBXGroup;
			children = (
				3DF70C29327CD2B5EA92DC75 /* App.entitlements */,
				BEF8C43AA00DC8615A6EF807 /* AppIcon.swift */,
				7AADB654447DCB49FB372FAE /* AppidgeApp.swift */,
				C157C1CDDFF721EAB2D28795 /* AppLanguage.swift */,
				C8EEB3B3B4F5AE8205F1F7B3 /* AppsPaneView.swift */,
				011FA75EB4918608F8A42804 /* Assets.xcassets */,
				9F7A7B0EB0032EB32E342AC4 /* ConnectionsTable.swift */,
				7106009A56C24078709224DC /* ContentView.swift */,
				A3B0E63976E8ACBBACCC8C7B /* Info.plist */,
				5901951F9EA7DCC493280D91 /* Localizable.xcstrings */,
				82D18B41BB8F2680C6E5F6B9 /* MainWindow.swift */,
				1DA718340F1304A9F6ECF582 /* NWConnectionProxyProbe.swift */,
				EE11705E0000000000000B02 /* ExitIPChecker.swift */,
				5DA34ADCCFFBEA044937D573 /* OnboardingView.swift */,
				EEBD232B5EDEBEEDC598FA44 /* ProfilesModel.swift */,
				9C2DCBF93F75AB530471B830 /* ProfilesPaneView.swift */,
				809242278F25BD53EB570961 /* ProxyEnvironmentView.swift */,
				5F32B133633BBB992A13D17D /* ProxyServersPaneView.swift */,
				F3502285178386167CBDC5B8 /* RulesEditorPaneView.swift */,
				956D1B4004113B63335A7518 /* SettingsView.swift */,
				B81FD5891C3620C189CEE7A2 /* AppLinks.swift */,
				337584E7E7EFC8B5AB284C4E /* AboutView.swift */,
				AD605E784762BD3CF20333B3 /* AppMenuCommands.swift */,
				A150F43974A4AB0EEF91D4D1 /* TrialUI.swift */,
				199BAC5919441EDC3576E476 /* StatusBar.swift */,
				B7A1C0DE0003UPDRELEASE003 /* UpdaterSessionRelease.swift */,
				B7A1C0DE0001BRANDICON0001 /* BrandIcon.swift */,
				AF69302A0C9EBB787D6C4B95 /* SystemExtensionActivator.swift */,
				6DCF5FB636E2A7088A1D6CDF /* TrafficFormat.swift */,
				06FF2EED709EE367FEA4A9A7 /* TrafficPane.swift */,
				299CCCC8304EDC13E69F6A38 /* TransparentProxyController.swift */,
			);
			path = App;
			sourceTree = "<group>";
		};
		F8645EB759E825299CBFDA49 /* Products */ = {
			isa = PBXGroup;
			children = (
				B3C329A4A885B31BFA3C7A26 /* App.app */,
				88C15509479EC265EC4FD6F2 /* ProxyExtension.systemextension */,
			);
			name = Products;
			sourceTree = "<group>";
		};
		FEDDB32A90EF54DF5CB62592 /* Config */ = {
			isa = PBXGroup;
			children = (
				8CAB3B3934E69313D52D6EE2 /* Signing.xcconfig */,
			);
			path = Config;
			sourceTree = "<group>";
		};
/* End PBXGroup section */

/* Begin PBXNativeTarget section */
		5054EC3D5B3313146D298672 /* ProxyExtension */ = {
			isa = PBXNativeTarget;
			buildConfigurationList = 2F3E7CF7E73C043214DBE36E /* Build configuration list for PBXNativeTarget "ProxyExtension" */;
			buildPhases = (
				15A46C0060A42BD31AA5CAE2 /* Sources */,
				7319DBD05E0BD40A478D9D59 /* Frameworks */,
			);
			buildRules = (
			);
			dependencies = (
			);
			name = ProxyExtension;
			packageProductDependencies = (
				9A771AE19C7B394D1000B789 /* EngineKit */,
				096EEA660E596D625A61C6A2 /* IPCContract */,
			);
			productName = ProxyExtension;
			productReference = 88C15509479EC265EC4FD6F2 /* ProxyExtension.systemextension */;
			productType = "com.apple.product-type.system-extension";
		};
		C96D7EC2B96AAAD12434E7C1 /* App */ = {
			isa = PBXNativeTarget;
			buildConfigurationList = B0417C1165672AD6E9446A1E /* Build configuration list for PBXNativeTarget "App" */;
			buildPhases = (
				3F6CC7801EAA9BCB2C0BA5BF /* Sources */,
				96D7C67A493404BD46A2F26D /* Resources */,
				3F99A328D84996890BFBC86E /* Frameworks */,
				1F2DDD8AE93EF9D8D0EA53C1 /* Embed System Extensions */,
			);
			buildRules = (
			);
			dependencies = (
				B718D74DB97B2E16A2D68EE0 /* PBXTargetDependency */,
			);
			name = App;
			packageProductDependencies = (
				070C87CD751D657AB4653E16 /* Core */,
				A02F4122DB86F776E2D950D8 /* IPCContract */,
				9CA290E7910714860681AC10 /* AppFeature */,
				5AAB0E0000000000000000A2 /* Sparkle */,
			);
			productName = App;
			productReference = B3C329A4A885B31BFA3C7A26 /* App.app */;
			productType = "com.apple.product-type.application";
		};
/* End PBXNativeTarget section */

/* Begin PBXProject section */
		14A99E551A096A0E3591E52F /* Project object */ = {
			isa = PBXProject;
			attributes = {
				BuildIndependentTargetsInParallel = YES;
				LastUpgradeCheck = 1430;
				TargetAttributes = {
					5054EC3D5B3313146D298672 = {
						DevelopmentTeam = "$(DEVELOPMENT_TEAM)";
						ProvisioningStyle = Manual;
					};
					C96D7EC2B96AAAD12434E7C1 = {
						DevelopmentTeam = "$(DEVELOPMENT_TEAM)";
						ProvisioningStyle = Manual;
					};
				};
			};
			buildConfigurationList = 54CFF25B79D1811416CE906A /* Build configuration list for PBXProject "appidge" */;
			developmentRegion = "zh-Hans";
			hasScannedForEncodings = 0;
			knownRegions = (
				Base,
				en,
				"zh-Hans",
			);
			mainGroup = 9003EEF583464980A16CA112;
			minimizedProjectReferenceProxies = 1;
			packageReferences = (
				9896466F5BD53078106B60E4 /* XCLocalSwiftPackageReference "Packages/AppFeature" */,
				3CFEA8E4E02AD2ECFD842385 /* XCLocalSwiftPackageReference "Packages/Core" */,
				CC5E4F465A7E9F6825445C90 /* XCLocalSwiftPackageReference "Packages/EngineKit" */,
				31D45A3B31757127DE211127 /* XCLocalSwiftPackageReference "Packages/IPCContract" */,
				5AAB0E0000000000000000A1 /* XCRemoteSwiftPackageReference "Sparkle" */,
			);
			preferredProjectObjectVersion = 77;
			productRefGroup = F8645EB759E825299CBFDA49 /* Products */;
			projectDirPath = "";
			projectRoot = "";
			targets = (
				C96D7EC2B96AAAD12434E7C1 /* App */,
				5054EC3D5B3313146D298672 /* ProxyExtension */,
			);
		};
/* End PBXProject section */

/* Begin PBXResourcesBuildPhase section */
		96D7C67A493404BD46A2F26D /* Resources */ = {
			isa = PBXResourcesBuildPhase;
			buildActionMask = 2147483647;
			files = (
				CD074F91F9D8E81EF3AF1E9B /* Assets.xcassets in Resources */,
				DD8DC7DAAE36979D8FE408D9 /* Localizable.xcstrings in Resources */,
			);
			runOnlyForDeploymentPostprocessing = 0;
		};
/* End PBXResourcesBuildPhase section */

/* Begin PBXSourcesBuildPhase section */
		15A46C0060A42BD31AA5CAE2 /* Sources */ = {
			isa = PBXSourcesBuildPhase;
			buildActionMask = 2147483647;
			files = (
				C4AE8EAE06FB99890379876B /* ExtDiag.swift in Sources */,
				AB6CB382A5B383A530062CCA /* PacketCaptureWriter.swift in Sources */,
				586E6945675466F5FAEDBCE6 /* ProcessPathResolver.swift in Sources */,
				6E46EA6DED240707302344D8 /* ProxyDialer.swift in Sources */,
				9BC7BA6ED15CB67313DA620F /* ProxyExtensionProvider.swift in Sources */,
				401C973E6AB7C68211194E7D /* ProxyExtensionProviderRouting.swift in Sources */,
				9D9A505955A978B0E3041B3E /* ProxyExtensionProviderUDP.swift in Sources */,
				6E548D025B438A87B3650958 /* ProxyFlowSupport.swift in Sources */,
				04185895FCF3CDC65EB9D064 /* SOCKS5UDPRelay.swift in Sources */,
				04E37C3909CD365DDE5C07E7 /* TCPFlowPump.swift in Sources */,
				22A3DA6409A39E3419084F11 /* main.swift in Sources */,
			);
			runOnlyForDeploymentPostprocessing = 0;
		};
		3F6CC7801EAA9BCB2C0BA5BF /* Sources */ = {
			isa = PBXSourcesBuildPhase;
			buildActionMask = 2147483647;
			files = (
				D8E7DC6893CB84274AEBAC74 /* AppIcon.swift in Sources */,
				FEDF5CEF2BE2AADFB674A072 /* AppLanguage.swift in Sources */,
				B419714D1E5E144ED39353BB /* AppidgeApp.swift in Sources */,
				CEB6289185EA4E3CA070E696 /* AppsPaneView.swift in Sources */,
				70A50B81E49589C783D3FD3A /* ConnectionsTable.swift in Sources */,
				5DD53B8CA098AAE20D297B7F /* ContentView.swift in Sources */,
				552D5797BCE134EF6D6EE560 /* MainWindow.swift in Sources */,
				91C491BFD9E3DCBF3A3A4743 /* NWConnectionProxyProbe.swift in Sources */,
				EE11705E0000000000000B01 /* ExitIPChecker.swift in Sources */,
				2B4575AB87D6B0C6AA17B41F /* OnboardingView.swift in Sources */,
				96FF8A395FD13D05AD826E54 /* ProfilesModel.swift in Sources */,
				FCBF4A432ECB3B5E94F88C26 /* ProfilesPaneView.swift in Sources */,
				4C1EE24514C43608CEF0B1C8 /* ProxyEnvironmentView.swift in Sources */,
				BF3C3EA1865EA2811E2CC3B8 /* ProxyServersPaneView.swift in Sources */,
				439F0E52A0F140E10314798A /* RulesEditorPaneView.swift in Sources */,
				AD71F038E2B6324B5D280B7C /* SettingsView.swift in Sources */,
				4CDD1FD51CB44EE399109360 /* AppLinks.swift in Sources */,
				CFD3BB496CC7BFF4E741DFB4 /* AboutView.swift in Sources */,
				24300D291E090B82EBC80C26 /* AppMenuCommands.swift in Sources */,
				AC1B1455817830C25FEF50E8 /* TrialUI.swift in Sources */,
				02BEB1FC0CB43D222CCE48DB /* StatusBar.swift in Sources */,
				B7A1C0DE0004UPDRELEASE004 /* UpdaterSessionRelease.swift in Sources */,
				B7A1C0DE0002BRANDICON0002 /* BrandIcon.swift in Sources */,
				98D1829068AA9598B8F08A3B /* SystemExtensionActivator.swift in Sources */,
				13292EF7F746994DDBF9B5FE /* TrafficFormat.swift in Sources */,
				53994341147E0E7B6A3F55AE /* TrafficPane.swift in Sources */,
				1C633C2681666F15F4C8B805 /* TransparentProxyController.swift in Sources */,
			);
			runOnlyForDeploymentPostprocessing = 0;
		};
/* End PBXSourcesBuildPhase section */

/* Begin PBXTargetDependency section */
		B718D74DB97B2E16A2D68EE0 /* PBXTargetDependency */ = {
			isa = PBXTargetDependency;
			target = 5054EC3D5B3313146D298672 /* ProxyExtension */;
			targetProxy = 2234E2D2E8964632318B0D12 /* PBXContainerItemProxy */;
		};
/* End PBXTargetDependency section */

/* Begin XCBuildConfiguration section */
		4AB0DF2E8F4BBDB3424B6242 /* Release */ = {
			isa = XCBuildConfiguration;
			buildSettings = {
				CODE_SIGN_ENTITLEMENTS = Extension/Extension.entitlements;
				CODE_SIGN_IDENTITY = "Developer ID Application";
				CODE_SIGN_STYLE = Manual;
				COMBINE_HIDPI_IMAGES = YES;
				CURRENT_PROJECT_VERSION = 63;
				DEVELOPMENT_TEAM = "$(DEVELOPMENT_TEAM)";
				ENABLE_HARDENED_RUNTIME = YES;
				GENERATE_INFOPLIST_FILE = NO;
				INFOPLIST_FILE = Extension/Info.plist;
				LD_RUNPATH_SEARCH_PATHS = (
					"$(inherited)",
					"@executable_path/../Frameworks",
				);
				MACOSX_DEPLOYMENT_TARGET = 15.0;
				MARKETING_VERSION = 0.2.35;
				PRODUCT_BUNDLE_IDENTIFIER = "$(EXT_BUNDLE_IDENTIFIER)";
				PRODUCT_MODULE_NAME = ProxyExtension;
				PRODUCT_NAME = "$(EXT_BUNDLE_IDENTIFIER)";
				PROVISIONING_PROFILE_SPECIFIER = "$(PROVISIONING_PROFILE_SPECIFIER_EXT)";
				SDKROOT = macosx;
				SKIP_INSTALL = NO;
				SWIFT_VERSION = 6.0;
			};
			name = Release;
		};
		78BFBE92C26F6B27855A7F00 /* Debug */ = {
			isa = XCBuildConfiguration;
			buildSettings = {
				ASSETCATALOG_COMPILER_APPICON_NAME = AppIcon;
				CODE_SIGN_ENTITLEMENTS = App/App.entitlements;
				CODE_SIGN_IDENTITY = "Developer ID Application";
				CODE_SIGN_STYLE = Manual;
				COMBINE_HIDPI_IMAGES = YES;
				CURRENT_PROJECT_VERSION = 63;
				DEVELOPMENT_TEAM = "$(DEVELOPMENT_TEAM)";
				ENABLE_HARDENED_RUNTIME = YES;
				GENERATE_INFOPLIST_FILE = NO;
				INFOPLIST_FILE = App/Info.plist;
				LD_RUNPATH_SEARCH_PATHS = (
					"$(inherited)",
					"@executable_path/../Frameworks",
				);
				MACOSX_DEPLOYMENT_TARGET = 15.0;
				MARKETING_VERSION = 0.2.35;
				PRODUCT_BUNDLE_IDENTIFIER = "$(APP_BUNDLE_IDENTIFIER)";
				PRODUCT_MODULE_NAME = appidge;
				PRODUCT_NAME = appidge;
				PROVISIONING_PROFILE_SPECIFIER = "$(PROVISIONING_PROFILE_SPECIFIER_APP)";
				SDKROOT = macosx;
				SWIFT_VERSION = 6.0;
			};
			name = Debug;
		};
		7FCD9A75A3E58696A8F804AE /* Release */ = {
			isa = XCBuildConfiguration;
			baseConfigurationReference = 8CAB3B3934E69313D52D6EE2 /* Signing.xcconfig */;
			buildSettings = {
				ALWAYS_SEARCH_USER_PATHS = NO;
				CLANG_ANALYZER_NONNULL = YES;
				CLANG_ANALYZER_NUMBER_OBJECT_CONVERSION = YES_AGGRESSIVE;
				CLANG_CXX_LANGUAGE_STANDARD = "gnu++14";
				CLANG_CXX_LIBRARY = "libc++";
				CLANG_ENABLE_MODULES = YES;
				CLANG_ENABLE_OBJC_ARC = YES;
				CLANG_ENABLE_OBJC_WEAK = YES;
				CLANG_WARN_BLOCK_CAPTURE_AUTORELEASING = YES;
				CLANG_WARN_BOOL_CONVERSION = YES;
				CLANG_WARN_COMMA = YES;
				CLANG_WARN_CONSTANT_CONVERSION = YES;
				CLANG_WARN_DEPRECATED_OBJC_IMPLEMENTATIONS = YES;
				CLANG_WARN_DIRECT_OBJC_ISA_USAGE = YES_ERROR;
				CLANG_WARN_DOCUMENTATION_COMMENTS = YES;
				CLANG_WARN_EMPTY_BODY = YES;
				CLANG_WARN_ENUM_CONVERSION = YES;
				CLANG_WARN_INFINITE_RECURSION = YES;
				CLANG_WARN_INT_CONVERSION = YES;
				CLANG_WARN_NON_LITERAL_NULL_CONVERSION = YES;
				CLANG_WARN_OBJC_IMPLICIT_RETAIN_SELF = YES;
				CLANG_WARN_OBJC_LITERAL_CONVERSION = YES;
				CLANG_WARN_OBJC_ROOT_CLASS = YES_ERROR;
				CLANG_WARN_QUOTED_INCLUDE_IN_FRAMEWORK_HEADER = YES;
				CLANG_WARN_RANGE_LOOP_ANALYSIS = YES;
				CLANG_WARN_STRICT_PROTOTYPES = YES;
				CLANG_WARN_SUSPICIOUS_MOVE = YES;
				CLANG_WARN_UNGUARDED_AVAILABILITY = YES_AGGRESSIVE;
				CLANG_WARN_UNREACHABLE_CODE = YES;
				CLANG_WARN__DUPLICATE_METHOD_MATCH = YES;
				COPY_PHASE_STRIP = NO;
				DEBUG_INFORMATION_FORMAT = "dwarf-with-dsym";
				ENABLE_NS_ASSERTIONS = NO;
				ENABLE_STRICT_OBJC_MSGSEND = YES;
				GCC_C_LANGUAGE_STANDARD = gnu11;
				GCC_NO_COMMON_BLOCKS = YES;
				GCC_WARN_64_TO_32_BIT_CONVERSION = YES;
				GCC_WARN_ABOUT_RETURN_TYPE = YES_ERROR;
				GCC_WARN_UNDECLARED_SELECTOR = YES;
				GCC_WARN_UNINITIALIZED_AUTOS = YES_AGGRESSIVE;
				GCC_WARN_UNUSED_FUNCTION = YES;
				GCC_WARN_UNUSED_VARIABLE = YES;
				MACOSX_DEPLOYMENT_TARGET = 15.0;
				MTL_ENABLE_DEBUG_INFO = NO;
				MTL_FAST_MATH = YES;
				PRODUCT_NAME = "$(TARGET_NAME)";
				SDKROOT = macosx;
				SWIFT_COMPILATION_MODE = wholemodule;
				SWIFT_OPTIMIZATION_LEVEL = "-O";
				SWIFT_VERSION = 5.0;
			};
			name = Release;
		};
		8FF94AED94FB3A3E8AC22C4F /* Debug */ = {
			isa = XCBuildConfiguration;
			buildSettings = {
				CODE_SIGN_ENTITLEMENTS = Extension/Extension.entitlements;
				CODE_SIGN_IDENTITY = "Developer ID Application";
				CODE_SIGN_STYLE = Manual;
				COMBINE_HIDPI_IMAGES = YES;
				CURRENT_PROJECT_VERSION = 63;
				DEVELOPMENT_TEAM = "$(DEVELOPMENT_TEAM)";
				ENABLE_HARDENED_RUNTIME = YES;
				GENERATE_INFOPLIST_FILE = NO;
				INFOPLIST_FILE = Extension/Info.plist;
				LD_RUNPATH_SEARCH_PATHS = (
					"$(inherited)",
					"@executable_path/../Frameworks",
				);
				MACOSX_DEPLOYMENT_TARGET = 15.0;
				MARKETING_VERSION = 0.2.35;
				PRODUCT_BUNDLE_IDENTIFIER = "$(EXT_BUNDLE_IDENTIFIER)";
				PRODUCT_MODULE_NAME = ProxyExtension;
				PRODUCT_NAME = "$(EXT_BUNDLE_IDENTIFIER)";
				PROVISIONING_PROFILE_SPECIFIER = "$(PROVISIONING_PROFILE_SPECIFIER_EXT)";
				SDKROOT = macosx;
				SKIP_INSTALL = NO;
				SWIFT_VERSION = 6.0;
			};
			name = Debug;
		};
		9E68293523B6520A6C1624B4 /* Release */ = {
			isa = XCBuildConfiguration;
			buildSettings = {
				ASSETCATALOG_COMPILER_APPICON_NAME = AppIcon;
				CODE_SIGN_ENTITLEMENTS = App/App.entitlements;
				CODE_SIGN_IDENTITY = "Developer ID Application";
				CODE_SIGN_STYLE = Manual;
				COMBINE_HIDPI_IMAGES = YES;
				CURRENT_PROJECT_VERSION = 63;
				DEVELOPMENT_TEAM = "$(DEVELOPMENT_TEAM)";
				ENABLE_HARDENED_RUNTIME = YES;
				GENERATE_INFOPLIST_FILE = NO;
				INFOPLIST_FILE = App/Info.plist;
				LD_RUNPATH_SEARCH_PATHS = (
					"$(inherited)",
					"@executable_path/../Frameworks",
				);
				MACOSX_DEPLOYMENT_TARGET = 15.0;
				MARKETING_VERSION = 0.2.35;
				PRODUCT_BUNDLE_IDENTIFIER = "$(APP_BUNDLE_IDENTIFIER)";
				PRODUCT_MODULE_NAME = appidge;
				PRODUCT_NAME = appidge;
				PROVISIONING_PROFILE_SPECIFIER = "$(PROVISIONING_PROFILE_SPECIFIER_APP)";
				SDKROOT = macosx;
				SWIFT_VERSION = 6.0;
			};
			name = Release;
		};
		E612C60126BFDD45D95E9DF6 /* Debug */ = {
			isa = XCBuildConfiguration;
			baseConfigurationReference = 8CAB3B3934E69313D52D6EE2 /* Signing.xcconfig */;
			buildSettings = {
				ALWAYS_SEARCH_USER_PATHS = NO;
				CLANG_ANALYZER_NONNULL = YES;
				CLANG_ANALYZER_NUMBER_OBJECT_CONVERSION = YES_AGGRESSIVE;
				CLANG_CXX_LANGUAGE_STANDARD = "gnu++14";
				CLANG_CXX_LIBRARY = "libc++";
				CLANG_ENABLE_MODULES = YES;
				CLANG_ENABLE_OBJC_ARC = YES;
				CLANG_ENABLE_OBJC_WEAK = YES;
				CLANG_WARN_BLOCK_CAPTURE_AUTORELEASING = YES;
				CLANG_WARN_BOOL_CONVERSION = YES;
				CLANG_WARN_COMMA = YES;
				CLANG_WARN_CONSTANT_CONVERSION = YES;
				CLANG_WARN_DEPRECATED_OBJC_IMPLEMENTATIONS = YES;
				CLANG_WARN_DIRECT_OBJC_ISA_USAGE = YES_ERROR;
				CLANG_WARN_DOCUMENTATION_COMMENTS = YES;
				CLANG_WARN_EMPTY_BODY = YES;
				CLANG_WARN_ENUM_CONVERSION = YES;
				CLANG_WARN_INFINITE_RECURSION = YES;
				CLANG_WARN_INT_CONVERSION = YES;
				CLANG_WARN_NON_LITERAL_NULL_CONVERSION = YES;
				CLANG_WARN_OBJC_IMPLICIT_RETAIN_SELF = YES;
				CLANG_WARN_OBJC_LITERAL_CONVERSION = YES;
				CLANG_WARN_OBJC_ROOT_CLASS = YES_ERROR;
				CLANG_WARN_QUOTED_INCLUDE_IN_FRAMEWORK_HEADER = YES;
				CLANG_WARN_RANGE_LOOP_ANALYSIS = YES;
				CLANG_WARN_STRICT_PROTOTYPES = YES;
				CLANG_WARN_SUSPICIOUS_MOVE = YES;
				CLANG_WARN_UNGUARDED_AVAILABILITY = YES_AGGRESSIVE;
				CLANG_WARN_UNREACHABLE_CODE = YES;
				CLANG_WARN__DUPLICATE_METHOD_MATCH = YES;
				COPY_PHASE_STRIP = NO;
				DEBUG_INFORMATION_FORMAT = dwarf;
				ENABLE_STRICT_OBJC_MSGSEND = YES;
				ENABLE_TESTABILITY = YES;
				GCC_C_LANGUAGE_STANDARD = gnu11;
				GCC_DYNAMIC_NO_PIC = NO;
				GCC_NO_COMMON_BLOCKS = YES;
				GCC_OPTIMIZATION_LEVEL = 0;
				GCC_PREPROCESSOR_DEFINITIONS = (
					"$(inherited)",
					"DEBUG=1",
				);
				GCC_WARN_64_TO_32_BIT_CONVERSION = YES;
				GCC_WARN_ABOUT_RETURN_TYPE = YES_ERROR;
				GCC_WARN_UNDECLARED_SELECTOR = YES;
				GCC_WARN_UNINITIALIZED_AUTOS = YES_AGGRESSIVE;
				GCC_WARN_UNUSED_FUNCTION = YES;
				GCC_WARN_UNUSED_VARIABLE = YES;
				MACOSX_DEPLOYMENT_TARGET = 15.0;
				MTL_ENABLE_DEBUG_INFO = INCLUDE_SOURCE;
				MTL_FAST_MATH = YES;
				ONLY_ACTIVE_ARCH = YES;
				PRODUCT_NAME = "$(TARGET_NAME)";
				SDKROOT = macosx;
				SWIFT_ACTIVE_COMPILATION_CONDITIONS = DEBUG;
				SWIFT_OPTIMIZATION_LEVEL = "-Onone";
				SWIFT_VERSION = 5.0;
			};
			name = Debug;
		};
/* End XCBuildConfiguration section */

/* Begin XCConfigurationList section */
		2F3E7CF7E73C043214DBE36E /* Build configuration list for PBXNativeTarget "ProxyExtension" */ = {
			isa = XCConfigurationList;
			buildConfigurations = (
				8FF94AED94FB3A3E8AC22C4F /* Debug */,
				4AB0DF2E8F4BBDB3424B6242 /* Release */,
			);
			defaultConfigurationIsVisible = 0;
			defaultConfigurationName = Debug;
		};
		54CFF25B79D1811416CE906A /* Build configuration list for PBXProject "appidge" */ = {
			isa = XCConfigurationList;
			buildConfigurations = (
				E612C60126BFDD45D95E9DF6 /* Debug */,
				7FCD9A75A3E58696A8F804AE /* Release */,
			);
			defaultConfigurationIsVisible = 0;
			defaultConfigurationName = Debug;
		};
		B0417C1165672AD6E9446A1E /* Build configuration list for PBXNativeTarget "App" */ = {
			isa = XCConfigurationList;
			buildConfigurations = (
				78BFBE92C26F6B27855A7F00 /* Debug */,
				9E68293523B6520A6C1624B4 /* Release */,
			);
			defaultConfigurationIsVisible = 0;
			defaultConfigurationName = Debug;
		};
/* End XCConfigurationList section */

/* Begin XCLocalSwiftPackageReference section */
		31D45A3B31757127DE211127 /* XCLocalSwiftPackageReference "Packages/IPCContract" */ = {
			isa = XCLocalSwiftPackageReference;
			relativePath = Packages/IPCContract;
		};
		3CFEA8E4E02AD2ECFD842385 /* XCLocalSwiftPackageReference "Packages/Core" */ = {
			isa = XCLocalSwiftPackageReference;
			relativePath = Packages/Core;
		};
		9896466F5BD53078106B60E4 /* XCLocalSwiftPackageReference "Packages/AppFeature" */ = {
			isa = XCLocalSwiftPackageReference;
			relativePath = Packages/AppFeature;
		};
		CC5E4F465A7E9F6825445C90 /* XCLocalSwiftPackageReference "Packages/EngineKit" */ = {
			isa = XCLocalSwiftPackageReference;
			relativePath = Packages/EngineKit;
		};
/* End XCLocalSwiftPackageReference section */

/* Begin XCRemoteSwiftPackageReference section */
		5AAB0E0000000000000000A1 /* XCRemoteSwiftPackageReference "Sparkle" */ = {
			isa = XCRemoteSwiftPackageReference;
			repositoryURL = "https://github.com/sparkle-project/Sparkle";
			requirement = {
				kind = upToNextMajorVersion;
				minimumVersion = 2.0.0;
			};
		};
/* End XCRemoteSwiftPackageReference section */

/* Begin XCSwiftPackageProductDependency section */
		070C87CD751D657AB4653E16 /* Core */ = {
			isa = XCSwiftPackageProductDependency;
			productName = Core;
		};
		096EEA660E596D625A61C6A2 /* IPCContract */ = {
			isa = XCSwiftPackageProductDependency;
			productName = IPCContract;
		};
		9A771AE19C7B394D1000B789 /* EngineKit */ = {
			isa = XCSwiftPackageProductDependency;
			productName = EngineKit;
		};
		9CA290E7910714860681AC10 /* AppFeature */ = {
			isa = XCSwiftPackageProductDependency;
			productName = AppFeature;
		};
		A02F4122DB86F776E2D950D8 /* IPCContract */ = {
			isa = XCSwiftPackageProductDependency;
			productName = IPCContract;
		};
		5AAB0E0000000000000000A2 /* Sparkle */ = {
			isa = XCSwiftPackageProductDependency;
			package = 5AAB0E0000000000000000A1 /* XCRemoteSwiftPackageReference "Sparkle" */;
			productName = Sparkle;
		};
/* End XCSwiftPackageProductDependency section */
	};
	rootObject = 14A99E551A096A0E3591E52F /* Project object */;
}
